
Microsoft Visual Studio Solution File, Format Version 12.00
# Visual Studio Version 16
VisualStudioVersion = 16.0.30204.135
MinimumVisualStudioVersion = 10.0.40219.1
Project("{8BC9CEB8-8B4A-11D0-8D11-00A0C91BC942}") = "Spinbox", "Spinbox\Spinbox.vcxproj", "{2B34BEE7-3452-4DAD-BC26-81960498C769}"
EndProject
Global
	GlobalSection(SolutionConfigurationPlatforms) = preSolution
		Debug|x64 = Debug|x64
		Release|x64 = Release|x64
	EndGlobalSection
	GlobalSection(ProjectConfigurationPlatforms) = postSolution
		{2B34BEE7-3452-4DAD-BC26-81960498C769}.Debug|x64.ActiveCfg = Debug|x64
		{2B34BEE7-3452-4DAD-BC26-81960498C769}.Debug|x64.Build.0 = Debug|x64
		{2B34BEE7-3452-4DAD-BC26-81960498C769}.Release|x64.ActiveCfg = Release|x64
		{2B34BEE7-3452-4DAD-BC26-81960498C769}.Release|x64.Build.0 = Release|x64
	EndGlobalSection
	GlobalSection(SolutionProperties) = preSolution
		HideSolutionNode = FALSE
	EndGlobalSection
	GlobalSection(ExtensibilityGlobals) = postSolution
		SolutionGuid = {2317AB8B-46B6-4FC3-8DC3-1B69DC061743}
	EndGlobalSection
EndGlobal
