
Microsoft Visual Studio Solution File, Format Version 12.00
# Visual Studio Version 16
VisualStudioVersion = 16.0.30611.23
MinimumVisualStudioVersion = 10.0.40219.1
Project("{8BC9CEB8-8B4A-11D0-8D11-00A0C91BC942}") = "SpliterRubberBand", "SpliterRubberBand\SpliterRubberBand.vcxproj", "{9ABC49E8-6A56-4287-A81B-8E9886D572C9}"
EndProject
Global
	GlobalSection(SolutionConfigurationPlatforms) = preSolution
		Debug|x64 = Debug|x64
		Release|x64 = Release|x64
	EndGlobalSection
	GlobalSection(ProjectConfigurationPlatforms) = postSolution
		{9ABC49E8-6A56-4287-A81B-8E9886D572C9}.Debug|x64.ActiveCfg = Debug|x64
		{9ABC49E8-6A56-4287-A81B-8E9886D572C9}.Debug|x64.Build.0 = Debug|x64
		{9ABC49E8-6A56-4287-A81B-8E9886D572C9}.Release|x64.ActiveCfg = Release|x64
		{9ABC49E8-6A56-4287-A81B-8E9886D572C9}.Release|x64.Build.0 = Release|x64
	EndGlobalSection
	GlobalSection(SolutionProperties) = preSolution
		HideSolutionNode = FALSE
	EndGlobalSection
	GlobalSection(ExtensibilityGlobals) = postSolution
		SolutionGuid = {E629984F-2811-49AD-990C-C33DD072E1D3}
	EndGlobalSection
EndGlobal
