
Microsoft Visual Studio Solution File, Format Version 12.00
# Visual Studio Version 16
VisualStudioVersion = 16.0.30611.23
MinimumVisualStudioVersion = 10.0.40219.1
Project("{8BC9CEB8-8B4A-11D0-8D11-00A0C91BC942}") = "wizarddialog", "wizarddialog\wizarddialog.vcxproj", "{D715CD90-829B-4955-BE7D-0A9558BF718F}"
EndProject
Global
	GlobalSection(SolutionConfigurationPlatforms) = preSolution
		Debug|x64 = Debug|x64
		Release|x64 = Release|x64
	EndGlobalSection
	GlobalSection(ProjectConfigurationPlatforms) = postSolution
		{D715CD90-829B-4955-BE7D-0A9558BF718F}.Debug|x64.ActiveCfg = Debug|x64
		{D715CD90-829B-4955-BE7D-0A9558BF718F}.Debug|x64.Build.0 = Debug|x64
		{D715CD90-829B-4955-BE7D-0A9558BF718F}.Release|x64.ActiveCfg = Release|x64
		{D715CD90-829B-4955-BE7D-0A9558BF718F}.Release|x64.Build.0 = Release|x64
	EndGlobalSection
	GlobalSection(SolutionProperties) = preSolution
		HideSolutionNode = FALSE
	EndGlobalSection
	GlobalSection(ExtensibilityGlobals) = postSolution
		SolutionGuid = {6931AAAB-5268-4E7E-AD43-AFBB52DC5534}
	EndGlobalSection
EndGlobal
