
Microsoft Visual Studio Solution File, Format Version 12.00
# Visual Studio Version 16
VisualStudioVersion = 16.0.30523.141
MinimumVisualStudioVersion = 10.0.40219.1
Project("{8BC9CEB8-8B4A-11D0-8D11-00A0C91BC942}") = "Loop", "Loop\Loop.vcxproj", "{0D2A8CB8-C071-4307-B7C2-2E2CB6E85649}"
EndProject
Global
	GlobalSection(SolutionConfigurationPlatforms) = preSolution
		Debug|x64 = Debug|x64
		Debug|x86 = Debug|x86
		Release|x64 = Release|x64
		Release|x86 = Release|x86
	EndGlobalSection
	GlobalSection(ProjectConfigurationPlatforms) = postSolution
		{0D2A8CB8-C071-4307-B7C2-2E2CB6E85649}.Debug|x64.ActiveCfg = Debug|x64
		{0D2A8CB8-C071-4307-B7C2-2E2CB6E85649}.Debug|x64.Build.0 = Debug|x64
		{0D2A8CB8-C071-4307-B7C2-2E2CB6E85649}.Debug|x86.ActiveCfg = Debug|Win32
		{0D2A8CB8-C071-4307-B7C2-2E2CB6E85649}.Debug|x86.Build.0 = Debug|Win32
		{0D2A8CB8-C071-4307-B7C2-2E2CB6E85649}.Release|x64.ActiveCfg = Release|x64
		{0D2A8CB8-C071-4307-B7C2-2E2CB6E85649}.Release|x64.Build.0 = Release|x64
		{0D2A8CB8-C071-4307-B7C2-2E2CB6E85649}.Release|x86.ActiveCfg = Release|Win32
		{0D2A8CB8-C071-4307-B7C2-2E2CB6E85649}.Release|x86.Build.0 = Release|Win32
	EndGlobalSection
	GlobalSection(SolutionProperties) = preSolution
		HideSolutionNode = FALSE
	EndGlobalSection
	GlobalSection(ExtensibilityGlobals) = postSolution
		SolutionGuid = {10BE13BB-80BB-41AB-B2CB-D8DABCD8CE73}
	EndGlobalSection
EndGlobal
